
Microsoft Visual Studio Solution File, Format Version 12.00
# Visual Studio Version 16
VisualStudioVersion = 16.0.29613.14
MinimumVisualStudioVersion = 10.0.40219.1
Project("{FAE04EC0-301F-11D3-BF4B-00C04F79EFBC}") = "DesignPatterns", "DesignPatterns\DesignPatterns.csproj", "{0E0F6B0A-E2FE-4467-BA42-766CA6BA502D}"
EndProject
Global
	GlobalSection(SolutionConfigurationPlatforms) = preSolution
		Debug|Any CPU = Debug|Any CPU
		Release|Any CPU = Release|Any CPU
	EndGlobalSection
	GlobalSection(ProjectConfigurationPlatforms) = postSolution
		{0E0F6B0A-E2FE-4467-BA42-766CA6BA502D}.Debug|Any CPU.ActiveCfg = Debug|Any CPU
		{0E0F6B0A-E2FE-4467-BA42-766CA6BA502D}.Debug|Any CPU.Build.0 = Debug|Any CPU
		{0E0F6B0A-E2FE-4467-BA42-766CA6BA502D}.Release|Any CPU.ActiveCfg = Release|Any CPU
		{0E0F6B0A-E2FE-4467-BA42-766CA6BA502D}.Release|Any CPU.Build.0 = Release|Any CPU
	EndGlobalSection
	GlobalSection(SolutionProperties) = preSolution
		HideSolutionNode = FALSE
	EndGlobalSection
	GlobalSection(ExtensibilityGlobals) = postSolution
		SolutionGuid = {F90AB8AA-80CB-4961-B0A7-9EE6E3DE5901}
	EndGlobalSection
EndGlobal
